
Microsoft Visual Studio Solution File, Format Version 12.00
# Visual Studio Version 16
VisualStudioVersion = 16.0.31729.503
MinimumVisualStudioVersion = 10.0.40219.1
Project("{FAE04EC0-301F-11D3-BF4B-00C04F79EFBC}") = "MapNotePad.Android", "MapNotePad\MapNotePad.Android\MapNotePad.Android.csproj", "{C1073FFE-7AC4-4793-A27C-70E5A9508CD3}"
EndProject
Project("{FAE04EC0-301F-11D3-BF4B-00C04F79EFBC}") = "MapNotePad.iOS", "MapNotePad\MapNotePad.iOS\MapNotePad.iOS.csproj", "{70293A59-91AD-440F-96DE-1AA4AAE044AA}"
EndProject
Project("{9A19103F-16F7-4668-BE54-9A1E7A4F7556}") = "MapNotePad", "MapNotePad\MapNotePad\MapNotePad.csproj", "{002EC7E5-3676-40A2-95A9-DFC53944B75E}"
EndProject
Global
	GlobalSection(SolutionConfigurationPlatforms) = preSolution
		Debug|Any CPU = Debug|Any CPU
		Debug|ARM = Debug|ARM
		Debug|iPhone = Debug|iPhone
		Debug|iPhoneSimulator = Debug|iPhoneSimulator
		Debug|x64 = Debug|x64
		Debug|x86 = Debug|x86
		Release|Any CPU = Release|Any CPU
		Release|ARM = Release|ARM
		Release|iPhone = Release|iPhone
		Release|iPhoneSimulator = Release|iPhoneSimulator
		Release|x64 = Release|x64
		Release|x86 = Release|x86
	EndGlobalSection
	GlobalSection(ProjectConfigurationPlatforms) = postSolution
		{C1073FFE-7AC4-4793-A27C-70E5A9508CD3}.Debug|Any CPU.ActiveCfg = Debug|Any CPU
		{C1073FFE-7AC4-4793-A27C-70E5A9508CD3}.Debug|Any CPU.Build.0 = Debug|Any CPU
		{C1073FFE-7AC4-4793-A27C-70E5A9508CD3}.Debug|Any CPU.Deploy.0 = Debug|Any CPU
		{C1073FFE-7AC4-4793-A27C-70E5A9508CD3}.Debug|ARM.ActiveCfg = Debug|Any CPU
		{C1073FFE-7AC4-4793-A27C-70E5A9508CD3}.Debug|ARM.Build.0 = Debug|Any CPU
		{C1073FFE-7AC4-4793-A27C-70E5A9508CD3}.Debug|ARM.Deploy.0 = Debug|Any CPU
		{C1073FFE-7AC4-4793-A27C-70E5A9508CD3}.Debug|iPhone.ActiveCfg = Debug|Any CPU
		{C1073FFE-7AC4-4793-A27C-70E5A9508CD3}.Debug|iPhone.Build.0 = Debug|Any CPU
		{C1073FFE-7AC4-4793-A27C-70E5A9508CD3}.Debug|iPhone.Deploy.0 = Debug|Any CPU
		{C1073FFE-7AC4-4793-A27C-70E5A9508CD3}.Debug|iPhoneSimulator.ActiveCfg = Debug|Any CPU
		{C1073FFE-7AC4-4793-A27C-70E5A9508CD3}.Debug|iPhoneSimulator.Build.0 = Debug|Any CPU
		{C1073FFE-7AC4-4793-A27C-70E5A9508CD3}.Debug|iPhoneSimulator.Deploy.0 = Debug|Any CPU
		{C1073FFE-7AC4-4793-A27C-70E5A9508CD3}.Debug|x64.ActiveCfg = Debug|Any CPU
		{C1073FFE-7AC4-4793-A27C-70E5A9508CD3}.Debug|x64.Build.0 = Debug|Any CPU
		{C1073FFE-7AC4-4793-A27C-70E5A9508CD3}.Debug|x64.Deploy.0 = Debug|Any CPU
		{C1073FFE-7AC4-4793-A27C-70E5A9508CD3}.Debug|x86.ActiveCfg = Debug|Any CPU
		{C1073FFE-7AC4-4793-A27C-70E5A9508CD3}.Debug|x86.Build.0 = Debug|Any CPU
		{C1073FFE-7AC4-4793-A27C-70E5A9508CD3}.Debug|x86.Deploy.0 = Debug|Any CPU
		{C1073FFE-7AC4-4793-A27C-70E5A9508CD3}.Release|Any CPU.ActiveCfg = Release|Any CPU
		{C1073FFE-7AC4-4793-A27C-70E5A9508CD3}.Release|Any CPU.Build.0 = Release|Any CPU
		{C1073FFE-7AC4-4793-A27C-70E5A9508CD3}.Release|Any CPU.Deploy.0 = Release|Any CPU
		{C1073FFE-7AC4-4793-A27C-70E5A9508CD3}.Release|ARM.ActiveCfg = Release|Any CPU
		{C1073FFE-7AC4-4793-A27C-70E5A9508CD3}.Release|ARM.Build.0 = Release|Any CPU
		{C1073FFE-7AC4-4793-A27C-70E5A9508CD3}.Release|ARM.Deploy.0 = Release|Any CPU
		{C1073FFE-7AC4-4793-A27C-70E5A9508CD3}.Release|iPhone.ActiveCfg = Release|Any CPU
		{C1073FFE-7AC4-4793-A27C-70E5A9508CD3}.Release|iPhone.Build.0 = Release|Any CPU
		{C1073FFE-7AC4-4793-A27C-70E5A9508CD3}.Release|iPhone.Deploy.0 = Release|Any CPU
		{C1073FFE-7AC4-4793-A27C-70E5A9508CD3}.Release|iPhoneSimulator.ActiveCfg = Release|Any CPU
		{C1073FFE-7AC4-4793-A27C-70E5A9508CD3}.Release|iPhoneSimulator.Build.0 = Release|Any CPU
		{C1073FFE-7AC4-4793-A27C-70E5A9508CD3}.Release|iPhoneSimulator.Deploy.0 = Release|Any CPU
		{C1073FFE-7AC4-4793-A27C-70E5A9508CD3}.Release|x64.ActiveCfg = Release|Any CPU
		{C1073FFE-7AC4-4793-A27C-70E5A9508CD3}.Release|x64.Build.0 = Release|Any CPU
		{C1073FFE-7AC4-4793-A27C-70E5A9508CD3}.Release|x64.Deploy.0 = Release|Any CPU
		{C1073FFE-7AC4-4793-A27C-70E5A9508CD3}.Release|x86.ActiveCfg = Release|Any CPU
		{C1073FFE-7AC4-4793-A27C-70E5A9508CD3}.Release|x86.Build.0 = Release|Any CPU
		{C1073FFE-7AC4-4793-A27C-70E5A9508CD3}.Release|x86.Deploy.0 = Release|Any CPU
		{70293A59-91AD-440F-96DE-1AA4AAE044AA}.Debug|Any CPU.ActiveCfg = Debug|iPhoneSimulator
		{70293A59-91AD-440F-96DE-1AA4AAE044AA}.Debug|Any CPU.Build.0 = Debug|iPhoneSimulator
		{70293A59-91AD-440F-96DE-1AA4AAE044AA}.Debug|Any CPU.Deploy.0 = Debug|iPhoneSimulator
		{70293A59-91AD-440F-96DE-1AA4AAE044AA}.Debug|ARM.ActiveCfg = Debug|iPhone
		{70293A59-91AD-440F-96DE-1AA4AAE044AA}.Debug|ARM.Build.0 = Debug|iPhone
		{70293A59-91AD-440F-96DE-1AA4AAE044AA}.Debug|ARM.Deploy.0 = Debug|iPhone
		{70293A59-91AD-440F-96DE-1AA4AAE044AA}.Debug|iPhone.ActiveCfg = Debug|iPhone
		{70293A59-91AD-440F-96DE-1AA4AAE044AA}.Debug|iPhone.Build.0 = Debug|iPhone
		{70293A59-91AD-440F-96DE-1AA4AAE044AA}.Debug|iPhone.Deploy.0 = Debug|iPhone
		{70293A59-91AD-440F-96DE-1AA4AAE044AA}.Debug|iPhoneSimulator.ActiveCfg = Debug|iPhoneSimulator
		{70293A59-91AD-440F-96DE-1AA4AAE044AA}.Debug|iPhoneSimulator.Build.0 = Debug|iPhoneSimulator
		{70293A59-91AD-440F-96DE-1AA4AAE044AA}.Debug|iPhoneSimulator.Deploy.0 = Debug|iPhoneSimulator
		{70293A59-91AD-440F-96DE-1AA4AAE044AA}.Debug|x64.ActiveCfg = Debug|iPhoneSimulator
		{70293A59-91AD-440F-96DE-1AA4AAE044AA}.Debug|x64.Build.0 = Debug|iPhoneSimulator
		{70293A59-91AD-440F-96DE-1AA4AAE044AA}.Debug|x64.Deploy.0 = Debug|iPhoneSimulator
		{70293A59-91AD-440F-96DE-1AA4AAE044AA}.Debug|x86.ActiveCfg = Debug|iPhoneSimulator
		{70293A59-91AD-440F-96DE-1AA4AAE044AA}.Debug|x86.Build.0 = Debug|iPhoneSimulator
		{70293A59-91AD-440F-96DE-1AA4AAE044AA}.Debug|x86.Deploy.0 = Debug|iPhoneSimulator
		{70293A59-91AD-440F-96DE-1AA4AAE044AA}.Release|Any CPU.ActiveCfg = Release|iPhoneSimulator
		{70293A59-91AD-440F-96DE-1AA4AAE044AA}.Release|Any CPU.Build.0 = Release|iPhoneSimulator
		{70293A59-91AD-440F-96DE-1AA4AAE044AA}.Release|Any CPU.Deploy.0 = Release|iPhoneSimulator
		{70293A59-91AD-440F-96DE-1AA4AAE044AA}.Release|ARM.ActiveCfg = Release|iPhoneSimulator
		{70293A59-91AD-440F-96DE-1AA4AAE044AA}.Release|ARM.Build.0 = Release|iPhoneSimulator
		{70293A59-91AD-440F-96DE-1AA4AAE044AA}.Release|ARM.Deploy.0 = Release|iPhoneSimulator
		{70293A59-91AD-440F-96DE-1AA4AAE044AA}.Release|iPhone.ActiveCfg = Release|iPhone
		{70293A59-91AD-440F-96DE-1AA4AAE044AA}.Release|iPhone.Build.0 = Release|iPhone
		{70293A59-91AD-440F-96DE-1AA4AAE044AA}.Release|iPhone.Deploy.0 = Release|iPhone
		{70293A59-91AD-440F-96DE-1AA4AAE044AA}.Release|iPhoneSimulator.ActiveCfg = Release|iPhoneSimulator
		{70293A59-91AD-440F-96DE-1AA4AAE044AA}.Release|iPhoneSimulator.Build.0 = Release|iPhoneSimulator
		{70293A59-91AD-440F-96DE-1AA4AAE044AA}.Release|iPhoneSimulator.Deploy.0 = Release|iPhoneSimulator
		{70293A59-91AD-440F-96DE-1AA4AAE044AA}.Release|x64.ActiveCfg = Release|iPhoneSimulator
		{70293A59-91AD-440F-96DE-1AA4AAE044AA}.Release|x64.Build.0 = Release|iPhoneSimulator
		{70293A59-91AD-440F-96DE-1AA4AAE044AA}.Release|x64.Deploy.0 = Release|iPhoneSimulator
		{70293A59-91AD-440F-96DE-1AA4AAE044AA}.Release|x86.ActiveCfg = Release|iPhoneSimulator
		{70293A59-91AD-440F-96DE-1AA4AAE044AA}.Release|x86.Build.0 = Release|iPhoneSimulator
		{70293A59-91AD-440F-96DE-1AA4AAE044AA}.Release|x86.Deploy.0 = Release|iPhoneSimulator
		{002EC7E5-3676-40A2-95A9-DFC53944B75E}.Debug|Any CPU.ActiveCfg = Debug|Any CPU
		{002EC7E5-3676-40A2-95A9-DFC53944B75E}.Debug|Any CPU.Build.0 = Debug|Any CPU
		{002EC7E5-3676-40A2-95A9-DFC53944B75E}.Debug|Any CPU.Deploy.0 = Debug|Any CPU
		{002EC7E5-3676-40A2-95A9-DFC53944B75E}.Debug|ARM.ActiveCfg = Debug|Any CPU
		{002EC7E5-3676-40A2-95A9-DFC53944B75E}.Debug|ARM.Build.0 = Debug|Any CPU
		{002EC7E5-3676-40A2-95A9-DFC53944B75E}.Debug|ARM.Deploy.0 = Debug|Any CPU
		{002EC7E5-3676-40A2-95A9-DFC53944B75E}.Debug|iPhone.ActiveCfg = Debug|Any CPU
		{002EC7E5-3676-40A2-95A9-DFC53944B75E}.Debug|iPhone.Build.0 = Debug|Any CPU
		{002EC7E5-3676-40A2-95A9-DFC53944B75E}.Debug|iPhone.Deploy.0 = Debug|Any CPU
		{002EC7E5-3676-40A2-95A9-DFC53944B75E}.Debug|iPhoneSimulator.ActiveCfg = Debug|Any CPU
		{002EC7E5-3676-40A2-95A9-DFC53944B75E}.Debug|iPhoneSimulator.Build.0 = Debug|Any CPU
		{002EC7E5-3676-40A2-95A9-DFC53944B75E}.Debug|iPhoneSimulator.Deploy.0 = Debug|Any CPU
		{002EC7E5-3676-40A2-95A9-DFC53944B75E}.Debug|x64.ActiveCfg = Debug|Any CPU
		{002EC7E5-3676-40A2-95A9-DFC53944B75E}.Debug|x64.Build.0 = Debug|Any CPU
		{002EC7E5-3676-40A2-95A9-DFC53944B75E}.Debug|x64.Deploy.0 = Debug|Any CPU
		{002EC7E5-3676-40A2-95A9-DFC53944B75E}.Debug|x86.ActiveCfg = Debug|Any CPU
		{002EC7E5-3676-40A2-95A9-DFC53944B75E}.Debug|x86.Build.0 = Debug|Any CPU
		{002EC7E5-3676-40A2-95A9-DFC53944B75E}.Debug|x86.Deploy.0 = Debug|Any CPU
		{002EC7E5-3676-40A2-95A9-DFC53944B75E}.Release|Any CPU.ActiveCfg = Release|Any CPU
		{002EC7E5-3676-40A2-95A9-DFC53944B75E}.Release|Any CPU.Build.0 = Release|Any CPU
		{002EC7E5-3676-40A2-95A9-DFC53944B75E}.Release|Any CPU.Deploy.0 = Release|Any CPU
		{002EC7E5-3676-40A2-95A9-DFC53944B75E}.Release|ARM.ActiveCfg = Release|Any CPU
		{002EC7E5-3676-40A2-95A9-DFC53944B75E}.Release|ARM.Build.0 = Release|Any CPU
		{002EC7E5-3676-40A2-95A9-DFC53944B75E}.Release|ARM.Deploy.0 = Release|Any CPU
		{002EC7E5-3676-40A2-95A9-DFC53944B75E}.Release|iPhone.ActiveCfg = Release|Any CPU
		{002EC7E5-3676-40A2-95A9-DFC53944B75E}.Release|iPhone.Build.0 = Release|Any CPU
		{002EC7E5-3676-40A2-95A9-DFC53944B75E}.Release|iPhone.Deploy.0 = Release|Any CPU
		{002EC7E5-3676-40A2-95A9-DFC53944B75E}.Release|iPhoneSimulator.ActiveCfg = Release|Any CPU
		{002EC7E5-3676-40A2-95A9-DFC53944B75E}.Release|iPhoneSimulator.Build.0 = Release|Any CPU
		{002EC7E5-3676-40A2-95A9-DFC53944B75E}.Release|iPhoneSimulator.Deploy.0 = Release|Any CPU
		{002EC7E5-3676-40A2-95A9-DFC53944B75E}.Release|x64.ActiveCfg = Release|Any CPU
		{002EC7E5-3676-40A2-95A9-DFC53944B75E}.Release|x64.Build.0 = Release|Any CPU
		{002EC7E5-3676-40A2-95A9-DFC53944B75E}.Release|x64.Deploy.0 = Release|Any CPU
		{002EC7E5-3676-40A2-95A9-DFC53944B75E}.Release|x86.ActiveCfg = Release|Any CPU
		{002EC7E5-3676-40A2-95A9-DFC53944B75E}.Release|x86.Build.0 = Release|Any CPU
		{002EC7E5-3676-40A2-95A9-DFC53944B75E}.Release|x86.Deploy.0 = Release|Any CPU
	EndGlobalSection
	GlobalSection(SolutionProperties) = preSolution
		HideSolutionNode = FALSE
	EndGlobalSection
	GlobalSection(ExtensibilityGlobals) = postSolution
		SolutionGuid = {D7241DB1-C1E5-49ED-9B6A-C80989206B47}
	EndGlobalSection
EndGlobal
